// !$*UTF8*$!
{
	archiveVersion = 1;
	classes = {
	};
	objectVersion = 46;
	objects = {

/* Begin PBXBuildFile section */
		C2006ED51FDD14DA00A7399B /* AppDelegate.swift in Sources */ = {isa = PBXBuildFile; fileRef = C2006ED41FDD14DA00A7399B /* AppDelegate.swift */; };
		C2006ED71FDD14DA00A7399B /* ViewController.swift in Sources */ = {isa = PBXBuildFile; fileRef = C2006ED61FDD14DA00A7399B /* ViewController.swift */; };
		C2006EDA1FDD14DA00A7399B /* Main.storyboard in Resources */ = {isa = PBXBuildFile; fileRef = C2006ED81FDD14DA00A7399B /* Main.storyboard */; };
		C2006EDC1FDD14DA00A7399B /* Assets.xcassets in Resources */ = {isa = PBXBuildFile; fileRef = C2006EDB1FDD14DA00A7399B /* Assets.xcassets */; };
		C2006EDF1FDD14DA00A7399B /* LaunchScreen.storyboard in Resources */ = {isa = PBXBuildFile; fileRef = C2006EDD1FDD14DA00A7399B /* LaunchScreen.storyboard */; };
		C2006EE71FDD1A6600A7399B /* ic_keyboard_arrow_left_white_48pt.png in Resources */ = {isa = PBXBuildFile; fileRef = C2006EE61FDD1A6600A7399B /* ic_keyboard_arrow_left_white_48pt.png */; };
		C2006EE91FDD1A7A00A7399B /* ic_keyboard_arrow_right_white_48pt.png in Resources */ = {isa = PBXBuildFile; fileRef = C2006EE81FDD1A7A00A7399B /* ic_keyboard_arrow_right_white_48pt.png */; };
		C2006EEB1FDD1A8800A7399B /* ic_add_white_48pt.png in Resources */ = {isa = PBXBuildFile; fileRef = C2006EEA1FDD1A8800A7399B /* ic_add_white_48pt.png */; };
		C2006EED1FDD1DEC00A7399B /* ic_remove_white_48pt.png in Resources */ = {isa = PBXBuildFile; fileRef = C2006EEC1FDD1DEC00A7399B /* ic_remove_white_48pt.png */; };
		C2006EEF1FDD210800A7399B /* ic_autorenew_white_48pt.png in Resources */ = {isa = PBXBuildFile; fileRef = C2006EEE1FDD210800A7399B /* ic_autorenew_white_48pt.png */; };
		C2006EF11FDD229000A7399B /* SecondViewController.swift in Sources */ = {isa = PBXBuildFile; fileRef = C2006EF01FDD229000A7399B /* SecondViewController.swift */; };
		C2006EF71FDD270D00A7399B /* CalculateNumber.swift in Sources */ = {isa = PBXBuildFile; fileRef = C2006EF61FDD270D00A7399B /* CalculateNumber.swift */; };
/* End PBXBuildFile section */

/* Begin PBXFileReference section */
		C2006ED11FDD14DA00A7399B /* Funny Number.app */ = {isa = PBXFileReference; explicitFileType = wrapper.application; includeInIndex = 0; path = "Funny Number.app"; sourceTree = BUILT_PRODUCTS_DIR; };
		C2006ED41FDD14DA00A7399B /* AppDelegate.swift */ = {isa = PBXFileReference; lastKnownFileType = sourcecode.swift; path = AppDelegate.swift; sourceTree = "<group>"; };
		C2006ED61FDD14DA00A7399B /* ViewController.swift */ = {isa = PBXFileReference; lastKnownFileType = sourcecode.swift; path = ViewController.swift; sourceTree = "<group>"; };
		C2006ED91FDD14DA00A7399B /* Base */ = {isa = PBXFileReference; lastKnownFileType = file.storyboard; name = Base; path = Base.lproj/Main.storyboard; sourceTree = "<group>"; };
		C2006EDB1FDD14DA00A7399B /* Assets.xcassets */ = {isa = PBXFileReference; lastKnownFileType = folder.assetcatalog; path = Assets.xcassets; sourceTree = "<group>"; };
		C2006EDE1FDD14DA00A7399B /* Base */ = {isa = PBXFileReference; lastKnownFileType = file.storyboard; name = Base; path = Base.lproj/LaunchScreen.storyboard; sourceTree = "<group>"; };
		C2006EE01FDD14DA00A7399B /* Info.plist */ = {isa = PBXFileReference; lastKnownFileType = text.plist.xml; path = Info.plist; sourceTree = "<group>"; };
		C2006EE61FDD1A6600A7399B /* ic_keyboard_arrow_left_white_48pt.png */ = {isa = PBXFileReference; lastKnownFileType = image.png; path = ic_keyboard_arrow_left_white_48pt.png; sourceTree = "<group>"; };
		C2006EE81FDD1A7A00A7399B /* ic_keyboard_arrow_right_white_48pt.png */ = {isa = PBXFileReference; lastKnownFileType = image.png; path = ic_keyboard_arrow_right_white_48pt.png; sourceTree = "<group>"; };
		C2006EEA1FDD1A8800A7399B /* ic_add_white_48pt.png */ = {isa = PBXFileReference; lastKnownFileType = image.png; path = ic_add_white_48pt.png; sourceTree = "<group>"; };
		C2006EEC1FDD1DEC00A7399B /* ic_remove_white_48pt.png */ = {isa = PBXFileReference; lastKnownFileType = image.png; path = ic_remove_white_48pt.png; sourceTree = "<group>"; };
		C2006EEE1FDD210800A7399B /* ic_autorenew_white_48pt.png */ = {isa = PBXFileReference; lastKnownFileType = image.png; path = ic_autorenew_white_48pt.png; sourceTree = "<group>"; };
		C2006EF01FDD229000A7399B /* SecondViewController.swift */ = {isa = PBXFileReference; fileEncoding = 4; lastKnownFileType = sourcecode.swift; path = SecondViewController.swift; sourceTree = "<group>"; };
		C2006EF61FDD270D00A7399B /* CalculateNumber.swift */ = {isa = PBXFileReference; fileEncoding = 4; lastKnownFileType = sourcecode.swift; path = CalculateNumber.swift; sourceTree = "<group>"; };
/* End PBXFileReference section */

/* Begin PBXFrameworksBuildPhase section */
		C2006ECE1FDD14DA00A7399B /* Frameworks */ = {
			isa = PBXFrameworksBuildPhase;
			buildActionMask = 2147483647;
			files = (
			);
			runOnlyForDeploymentPostprocessing = 0;
		};
/* End PBXFrameworksBuildPhase section */

/* Begin PBXGroup section */
		C2006EC81FDD14DA00A7399B = {
			isa = PBXGroup;
			children = (
				C2006EF61FDD270D00A7399B /* CalculateNumber.swift */,
				C2006ED31FDD14DA00A7399B /* Funny Number */,
				C2006ED21FDD14DA00A7399B /* Products */,
			);
			sourceTree = "<group>";
		};
		C2006ED21FDD14DA00A7399B /* Products */ = {
			isa = PBXGroup;
			children = (
				C2006ED11FDD14DA00A7399B /* Funny Number.app */,
			);
			name = Products;
			sourceTree = "<group>";
		};
		C2006ED31FDD14DA00A7399B /* Funny Number */ = {
			isa = PBXGroup;
			children = (
				C2006ED41FDD14DA00A7399B /* AppDelegate.swift */,
				C2006ED61FDD14DA00A7399B /* ViewController.swift */,
				C2006ED81FDD14DA00A7399B /* Main.storyboard */,
				C2006EF01FDD229000A7399B /* SecondViewController.swift */,
				C2006EDB1FDD14DA00A7399B /* Assets.xcassets */,
				C2006EE61FDD1A6600A7399B /* ic_keyboard_arrow_left_white_48pt.png */,
				C2006EE81FDD1A7A00A7399B /* ic_keyboard_arrow_right_white_48pt.png */,
				C2006EEA1FDD1A8800A7399B /* ic_add_white_48pt.png */,
				C2006EEC1FDD1DEC00A7399B /* ic_remove_white_48pt.png */,
				C2006EEE1FDD210800A7399B /* ic_autorenew_white_48pt.png */,
				C2006EDD1FDD14DA00A7399B /* LaunchScreen.storyboard */,
				C2006EE01FDD14DA00A7399B /* Info.plist */,
			);
			path = "Funny Number";
			sourceTree = "<group>";
		};
/* End PBXGroup section */

/* Begin PBXNativeTarget section */
		C2006ED01FDD14DA00A7399B /* Funny Number */ = {
			isa = PBXNativeTarget;
			buildConfigurationList = C2006EE31FDD14DA00A7399B /* Build configuration list for PBXNativeTarget "Funny Number" */;
			buildPhases = (
				C2006ECD1FDD14DA00A7399B /* Sources */,
				C2006ECE1FDD14DA00A7399B /* Frameworks */,
				C2006ECF1FDD14DA00A7399B /* Resources */,
			);
			buildRules = (
			);
			dependencies = (
			);
			name = "Funny Number";
			productName = "Funny Number";
			productReference = C2006ED11FDD14DA00A7399B /* Funny Number.app */;
			productType = "com.apple.product-type.application";
		};
/* End PBXNativeTarget section */

/* Begin PBXProject section */
		C2006EC91FDD14DA00A7399B /* Project object */ = {
			isa = PBXProject;
			attributes = {
				LastSwiftUpdateCheck = 0830;
				LastUpgradeCheck = 0830;
				ORGANIZATIONNAME = Pod;
				TargetAttributes = {
					C2006ED01FDD14DA00A7399B = {
						CreatedOnToolsVersion = 8.3.3;
						ProvisioningStyle = Automatic;
					};
				};
			};
			buildConfigurationList = C2006ECC1FDD14DA00A7399B /* Build configuration list for PBXProject "Funny Number" */;
			compatibilityVersion = "Xcode 3.2";
			developmentRegion = English;
			hasScannedForEncodings = 0;
			knownRegions = (
				en,
				Base,
			);
			mainGroup = C2006EC81FDD14DA00A7399B;
			productRefGroup = C2006ED21FDD14DA00A7399B /* Products */;
			projectDirPath = "";
			projectRoot = "";
			targets = (
				C2006ED01FDD14DA00A7399B /* Funny Number */,
			);
		};
/* End PBXProject section */

/* Begin PBXResourcesBuildPhase section */
		C2006ECF1FDD14DA00A7399B /* Resources */ = {
			isa = PBXResourcesBuildPhase;
			buildActionMask = 2147483647;
			files = (
				C2006EED1FDD1DEC00A7399B /* ic_remove_white_48pt.png in Resources */,
				C2006EDF1FDD14DA00A7399B /* LaunchScreen.storyboard in Resources */,
				C2006EEF1FDD210800A7399B /* ic_autorenew_white_48pt.png in Resources */,
				C2006EEB1FDD1A8800A7399B /* ic_add_white_48pt.png in Resources */,
				C2006EDC1FDD14DA00A7399B /* Assets.xcassets in Resources */,
				C2006EE91FDD1A7A00A7399B /* ic_keyboard_arrow_right_white_48pt.png in Resources */,
				C2006EDA1FDD14DA00A7399B /* Main.storyboard in Resources */,
				C2006EE71FDD1A6600A7399B /* ic_keyboard_arrow_left_white_48pt.png in Resources */,
			);
			runOnlyForDeploymentPostprocessing = 0;
		};
/* End PBXResourcesBuildPhase section */

/* Begin PBXSourcesBuildPhase section */
		C2006ECD1FDD14DA00A7399B /* Sources */ = {
			isa = PBXSourcesBuildPhase;
			buildActionMask = 2147483647;
			files = (
				C2006EF11FDD229000A7399B /* SecondViewController.swift in Sources */,
				C2006ED71FDD14DA00A7399B /* ViewController.swift in Sources */,
				C2006ED51FDD14DA00A7399B /* AppDelegate.swift in Sources */,
				C2006EF71FDD270D00A7399B /* CalculateNumber.swift in Sources */,
			);
			runOnlyForDeploymentPostprocessing = 0;
		};
/* End PBXSourcesBuildPhase section */

/* Begin PBXVariantGroup section */
		C2006ED81FDD14DA00A7399B /* Main.storyboard */ = {
			isa = PBXVariantGroup;
			children = (
				C2006ED91FDD14DA00A7399B /* Base */,
			);
			name = Main.storyboard;
			sourceTree = "<group>";
		};
		C2006EDD1FDD14DA00A7399B /* LaunchScreen.storyboard */ = {
			isa = PBXVariantGroup;
			children = (
				C2006EDE1FDD14DA00A7399B /* Base */,
			);
			name = LaunchScreen.storyboard;
			sourceTree = "<group>";
		};
/* End PBXVariantGroup section */

/* Begin XCBuildConfiguration section */
		C2006EE11FDD14DA00A7399B /* Debug */ = {
			isa = XCBuildConfiguration;
			buildSettings = {
				ALWAYS_SEARCH_USER_PATHS = NO;
				CLANG_ANALYZER_NONNULL = YES;
				CLANG_ANALYZER_NUMBER_OBJECT_CONVERSION = YES_AGGRESSIVE;
				CLANG_CXX_LANGUAGE_STANDARD = "gnu++0x";
				CLANG_CXX_LIBRARY = "libc++";
				CLANG_ENABLE_MODULES = YES;
				CLANG_ENABLE_OBJC_ARC = YES;
				CLANG_WARN_BOOL_CONVERSION = YES;
				CLANG_WARN_CONSTANT_CONVERSION = YES;
				CLANG_WARN_DIRECT_OBJC_ISA_USAGE = YES_ERROR;
				CLANG_WARN_DOCUMENTATION_COMMENTS = YES;
				CLANG_WARN_EMPTY_BODY = YES;
				CLANG_WARN_ENUM_CONVERSION = YES;
				CLANG_WARN_INFINITE_RECURSION = YES;
				CLANG_WARN_INT_CONVERSION = YES;
				CLANG_WARN_OBJC_ROOT_CLASS = YES_ERROR;
				CLANG_WARN_SUSPICIOUS_MOVE = YES;
				CLANG_WARN_UNREACHABLE_CODE = YES;
				CLANG_WARN__DUPLICATE_METHOD_MATCH = YES;
				"CODE_SIGN_IDENTITY[sdk=iphoneos*]" = "iPhone Developer";
				COPY_PHASE_STRIP = NO;
				DEBUG_INFORMATION_FORMAT = dwarf;
				ENABLE_STRICT_OBJC_MSGSEND = YES;
				ENABLE_TESTABILITY = YES;
				GCC_C_LANGUAGE_STANDARD = gnu99;
				GCC_DYNAMIC_NO_PIC = NO;
				GCC_NO_COMMON_BLOCKS = YES;
				GCC_OPTIMIZATION_LEVEL = 0;
				GCC_PREPROCESSOR_DEFINITIONS = (
					"DEBUG=1",
					"$(inherited)",
				);
				GCC_WARN_64_TO_32_BIT_CONVERSION = YES;
				GCC_WARN_ABOUT_RETURN_TYPE = YES_ERROR;
				GCC_WARN_UNDECLARED_SELECTOR = YES;
				GCC_WARN_UNINITIALIZED_AUTOS = YES_AGGRESSIVE;
				GCC_WARN_UNUSED_FUNCTION = YES;
				GCC_WARN_UNUSED_VARIABLE = YES;
				IPHONEOS_DEPLOYMENT_TARGET = 10.3;
				MTL_ENABLE_DEBUG_INFO = YES;
				ONLY_ACTIVE_ARCH = YES;
				SDKROOT = iphoneos;
				SWIFT_ACTIVE_COMPILATION_CONDITIONS = DEBUG;
				SWIFT_OPTIMIZATION_LEVEL = "-Onone";
				TARGETED_DEVICE_FAMILY = "1,2";
			};
			name = Debug;
		};
		C2006EE21FDD14DA00A7399B /* Release */ = {
			isa = XCBuildConfiguration;
			buildSettings = {
				ALWAYS_SEARCH_USER_PATHS = NO;
				CLANG_ANALYZER_NONNULL = YES;
				CLANG_ANALYZER_NUMBER_OBJECT_CONVERSION = YES_AGGRESSIVE;
				CLANG_CXX_LANGUAGE_STANDARD = "gnu++0x";
				CLANG_CXX_LIBRARY = "libc++";
				CLANG_ENABLE_MODULES = YES;
				CLANG_ENABLE_OBJC_ARC = YES;
				CLANG_WARN_BOOL_CONVERSION = YES;
				CLANG_WARN_CONSTANT_CONVERSION = YES;
				CLANG_WARN_DIRECT_OBJC_ISA_USAGE = YES_ERROR;
				CLANG_WARN_DOCUMENTATION_COMMENTS = YES;
				CLANG_WARN_EMPTY_BODY = YES;
				CLANG_WARN_ENUM_CONVERSION = YES;
				CLANG_WARN_INFINITE_RECURSION = YES;
				CLANG_WARN_INT_CONVERSION = YES;
				CLANG_WARN_OBJC_ROOT_CLASS = YES_ERROR;
				CLANG_WARN_SUSPICIOUS_MOVE = YES;
				CLANG_WARN_UNREACHABLE_CODE = YES;
				CLANG_WARN__DUPLICATE_METHOD_MATCH = YES;
				"CODE_SIGN_IDENTITY[sdk=iphoneos*]" = "iPhone Developer";
				COPY_PHASE_STRIP = NO;
				DEBUG_INFORMATION_FORMAT = "dwarf-with-dsym";
				ENABLE_NS_ASSERTIONS = NO;
				ENABLE_STRICT_OBJC_MSGSEND = YES;
				GCC_C_LANGUAGE_STANDARD = gnu99;
				GCC_NO_COMMON_BLOCKS = YES;
				GCC_WARN_64_TO_32_BIT_CONVERSION = YES;
				GCC_WARN_ABOUT_RETURN_TYPE = YES_ERROR;
				GCC_WARN_UNDECLARED_SELECTOR = YES;
				GCC_WARN_UNINITIALIZED_AUTOS = YES_AGGRESSIVE;
				GCC_WARN_UNUSED_FUNCTION = YES;
				GCC_WARN_UNUSED_VARIABLE = YES;
				IPHONEOS_DEPLOYMENT_TARGET = 10.3;
				MTL_ENABLE_DEBUG_INFO = NO;
				SDKROOT = iphoneos;
				SWIFT_OPTIMIZATION_LEVEL = "-Owholemodule";
				TARGETED_DEVICE_FAMILY = "1,2";
				VALIDATE_PRODUCT = YES;
			};
			name = Release;
		};
		C2006EE41FDD14DA00A7399B /* Debug */ = {
			isa = XCBuildConfiguration;
			buildSettings = {
				ASSETCATALOG_COMPILER_APPICON_NAME = AppIcon;
				INFOPLIST_FILE = "Funny Number/Info.plist";
				LD_RUNPATH_SEARCH_PATHS = "$(inherited) @executable_path/Frameworks";
				PRODUCT_BUNDLE_IDENTIFIER = "th.ac.dpu.Funny-Number";
				PRODUCT_NAME = "$(TARGET_NAME)";
				SWIFT_VERSION = 3.0;
			};
			name = Debug;
		};
		C2006EE51FDD14DA00A7399B /* Release */ = {
			isa = XCBuildConfiguration;
			buildSettings = {
				ASSETCATALOG_COMPILER_APPICON_NAME = AppIcon;
				INFOPLIST_FILE = "Funny Number/Info.plist";
				LD_RUNPATH_SEARCH_PATHS = "$(inherited) @executable_path/Frameworks";
				PRODUCT_BUNDLE_IDENTIFIER = "th.ac.dpu.Funny-Number";
				PRODUCT_NAME = "$(TARGET_NAME)";
				SWIFT_VERSION = 3.0;
			};
			name = Release;
		};
/* End XCBuildConfiguration section */

/* Begin XCConfigurationList section */
		C2006ECC1FDD14DA00A7399B /* Build configuration list for PBXProject "Funny Number" */ = {
			isa = XCConfigurationList;
			buildConfigurations = (
				C2006EE11FDD14DA00A7399B /* Debug */,
				C2006EE21FDD14DA00A7399B /* Release */,
			);
			defaultConfigurationIsVisible = 0;
			defaultConfigurationName = Release;
		};
		C2006EE31FDD14DA00A7399B /* Build configuration list for PBXNativeTarget "Funny Number" */ = {
			isa = XCConfigurationList;
			buildConfigurations = (
				C2006EE41FDD14DA00A7399B /* Debug */,
				C2006EE51FDD14DA00A7399B /* Release */,
			);
			defaultConfigurationIsVisible = 0;
			defaultConfigurationName = Release;
		};
/* End XCConfigurationList section */
	};
	rootObject = C2006EC91FDD14DA00A7399B /* Project object */;
}
